
Microsoft Visual Studio Solution File, Format Version 12.00
# Visual Studio 15
VisualStudioVersion = 15.0.27428.2011
MinimumVisualStudioVersion = 10.0.40219.1
Project("{FAE04EC0-301F-11D3-BF4B-00C04F79EFBC}") = "SubtitlesParser", "SubtitlesParser\SubtitlesParser.csproj", "{5F8CE8FF-9A82-41EE-A037-5022631385AF}"
EndProject
Project("{FAE04EC0-301F-11D3-BF4B-00C04F79EFBC}") = "Tests", "Tests\Tests.csproj", "{6CABFFC0-4706-4E71-A94A-A7D4E4EB133A}"
EndProject
Global
	GlobalSection(SolutionConfigurationPlatforms) = preSolution
		Debug|Any CPU = Debug|Any CPU
		Release|Any CPU = Release|Any CPU
	EndGlobalSection
	GlobalSection(ProjectConfigurationPlatforms) = postSolution
		{5F8CE8FF-9A82-41EE-A037-5022631385AF}.Debug|Any CPU.ActiveCfg = Debug|Any CPU
		{5F8CE8FF-9A82-41EE-A037-5022631385AF}.Debug|Any CPU.Build.0 = Debug|Any CPU
		{5F8CE8FF-9A82-41EE-A037-5022631385AF}.Release|Any CPU.ActiveCfg = Release|Any CPU
		{5F8CE8FF-9A82-41EE-A037-5022631385AF}.Release|Any CPU.Build.0 = Release|Any CPU
		{6CABFFC0-4706-4E71-A94A-A7D4E4EB133A}.Debug|Any CPU.ActiveCfg = Debug|Any CPU
		{6CABFFC0-4706-4E71-A94A-A7D4E4EB133A}.Debug|Any CPU.Build.0 = Debug|Any CPU
		{6CABFFC0-4706-4E71-A94A-A7D4E4EB133A}.Release|Any CPU.ActiveCfg = Release|Any CPU
		{6CABFFC0-4706-4E71-A94A-A7D4E4EB133A}.Release|Any CPU.Build.0 = Release|Any CPU
	EndGlobalSection
	GlobalSection(SolutionProperties) = preSolution
		HideSolutionNode = FALSE
	EndGlobalSection
	GlobalSection(ExtensibilityGlobals) = postSolution
		SolutionGuid = {D5C33E71-E3B1-4CA9-8071-2A220B321ECB}
	EndGlobalSection
EndGlobal
